
Microsoft Visual Studio Solution File, Format Version 12.00
# Visual Studio 15
VisualStudioVersion = 15.0.28307.539
MinimumVisualStudioVersion = 10.0.40219.1
Project("{FAE04EC0-301F-11D3-BF4B-00C04F79EFBC}") = "AllLongestStrings", "AllLongestStrings\AllLongestStrings.csproj", "{4B99C9BB-4FAB-4479-A620-F0583F0807CD}"
EndProject
Global
	GlobalSection(SolutionConfigurationPlatforms) = preSolution
		Debug|Any CPU = Debug|Any CPU
		Release|Any CPU = Release|Any CPU
	EndGlobalSection
	GlobalSection(ProjectConfigurationPlatforms) = postSolution
		{4B99C9BB-4FAB-4479-A620-F0583F0807CD}.Debug|Any CPU.ActiveCfg = Debug|Any CPU
		{4B99C9BB-4FAB-4479-A620-F0583F0807CD}.Debug|Any CPU.Build.0 = Debug|Any CPU
		{4B99C9BB-4FAB-4479-A620-F0583F0807CD}.Release|Any CPU.ActiveCfg = Release|Any CPU
		{4B99C9BB-4FAB-4479-A620-F0583F0807CD}.Release|Any CPU.Build.0 = Release|Any CPU
	EndGlobalSection
	GlobalSection(SolutionProperties) = preSolution
		HideSolutionNode = FALSE
	EndGlobalSection
	GlobalSection(ExtensibilityGlobals) = postSolution
		SolutionGuid = {950350BF-A445-49B5-9074-D25FD289316E}
	EndGlobalSection
EndGlobal
