
Microsoft Visual Studio Solution File, Format Version 12.00
# Visual Studio 15
VisualStudioVersion = 15.0.28307.168
MinimumVisualStudioVersion = 10.0.40219.1
Project("{FAE04EC0-301F-11D3-BF4B-00C04F79EFBC}") = "PrintMultiplesWithLoops", "PrintMultiplesWithLoops\PrintMultiplesWithLoops.csproj", "{C0E9CF12-4E16-4D6E-9B20-B642DE4C68BE}"
EndProject
Global
	GlobalSection(SolutionConfigurationPlatforms) = preSolution
		Debug|Any CPU = Debug|Any CPU
		Release|Any CPU = Release|Any CPU
	EndGlobalSection
	GlobalSection(ProjectConfigurationPlatforms) = postSolution
		{C0E9CF12-4E16-4D6E-9B20-B642DE4C68BE}.Debug|Any CPU.ActiveCfg = Debug|Any CPU
		{C0E9CF12-4E16-4D6E-9B20-B642DE4C68BE}.Debug|Any CPU.Build.0 = Debug|Any CPU
		{C0E9CF12-4E16-4D6E-9B20-B642DE4C68BE}.Release|Any CPU.ActiveCfg = Release|Any CPU
		{C0E9CF12-4E16-4D6E-9B20-B642DE4C68BE}.Release|Any CPU.Build.0 = Release|Any CPU
	EndGlobalSection
	GlobalSection(SolutionProperties) = preSolution
		HideSolutionNode = FALSE
	EndGlobalSection
	GlobalSection(ExtensibilityGlobals) = postSolution
		SolutionGuid = {BEBEA9FF-753B-4963-BA8C-6451BDFF9584}
	EndGlobalSection
EndGlobal
