
Microsoft Visual Studio Solution File, Format Version 12.00
# Visual Studio 15
VisualStudioVersion = 15.0.28307.539
MinimumVisualStudioVersion = 10.0.40219.1
Project("{FAE04EC0-301F-11D3-BF4B-00C04F79EFBC}") = "HighLowDeckOfCards", "HighLowDeckOfCards\HighLowDeckOfCards.csproj", "{3B494992-E8F9-46AE-BE6C-CF5A2716AFC5}"
EndProject
Global
	GlobalSection(SolutionConfigurationPlatforms) = preSolution
		Debug|Any CPU = Debug|Any CPU
		Release|Any CPU = Release|Any CPU
	EndGlobalSection
	GlobalSection(ProjectConfigurationPlatforms) = postSolution
		{3B494992-E8F9-46AE-BE6C-CF5A2716AFC5}.Debug|Any CPU.ActiveCfg = Debug|Any CPU
		{3B494992-E8F9-46AE-BE6C-CF5A2716AFC5}.Debug|Any CPU.Build.0 = Debug|Any CPU
		{3B494992-E8F9-46AE-BE6C-CF5A2716AFC5}.Release|Any CPU.ActiveCfg = Release|Any CPU
		{3B494992-E8F9-46AE-BE6C-CF5A2716AFC5}.Release|Any CPU.Build.0 = Release|Any CPU
	EndGlobalSection
	GlobalSection(SolutionProperties) = preSolution
		HideSolutionNode = FALSE
	EndGlobalSection
	GlobalSection(ExtensibilityGlobals) = postSolution
		SolutionGuid = {CC3550B0-7890-4C11-B026-F20B554E8FC8}
	EndGlobalSection
EndGlobal
